<?xml version="1.0" encoding="utf-8"?>
<Project ToolsVersion="4.0" xmlns="http://schemas.microsoft.com/developer/msbuild/2003">
  <ItemGroup>
    <None Include="src\1. Tow Sum.md" />
    <None Include="src\1047. Remove All Adjacent Duplicates In String.md" />
    <None Include="src\11. Container With Most Water.md" />
    <None Include="src\112. Path Sum.md" />
    <None Include="src\12. Integer to Roman.md" />
    <None Include="src\1323. Maximum 69 Number.md" />
    <None Include="src\151. Reverse Words in a String.md" />
    <None Include="src\1544. Make The String Great.md" />
    <None Include="src\1832. Check if the Sentence Is Pangram.md" />
    <None Include="src\19. Remove Nth Node From End of List.md" />
    <None Include="src\2. Add Two Numbers.md" />
    <None Include="src\202. Happy Number.md" />
    <None Include="src\206. Reverse Linked List.md" />
    <None Include="src\2095. Delete the Middle Node of a Linked List.md" />
    <None Include="src\21. Merge Two Sorted Lists.md" />
    <None Include="src\222. Count Complete Tree Nodes.md" />
    <None Include="src\231. Power of Two.md" />
    <None Include="src\237. Delete Node in a Linked List.md" />
    <None Include="src\26. Remove Duplicates from Sorted Array.md" />
    <None Include="src\3. Longest Substring Without Repeating Characters.md" />
    <None Include="src\334. Increasing Triplet Subsequence.md" />
    <None Include="src\345. Reverse Vowels of a String.md" />
    <None Include="src\38. Count and Say.md" />
    <None Include="src\623. Add One Row to Tree.md" />
    <None Include="src\653. Two Sum IV - Input is a BST.md" />
    <None Include="src\692. Top K Frequent Words.md" />
    <None Include="src\766. Toeplitz Matrix.md" />
    <None Include="src\901. Online Stock Span.md" />
    <None Include="src\976. Largest Perimeter Triangle.md" />
    <None Include="src\374. Guess Number Higher or Lower.md" />
    <None Include="src\836. Rectangle OverlapSource.md" />
    <None Include="src\223. Rectangle Area.md" />
    <None Include="src\263. Ugly Number.md" />
    <None Include="src\863. All Nodes Distance K in Binary Tree.md" />
    <None Include="src\4. Median of Two Sorted Arrays.md" />
    <None Include="src\1926. Nearest Exit from Entrance in Maze.md" />
    <None Include="src\36. Valid Sudoku.md" />
    <None Include="src\79. Word Search.md" />
    <None Include="src\208. Implement Trie (Prefix Tree).md" />
  </ItemGroup>
</Project>